
Microsoft Visual Studio Solution File, Format Version 12.00
# Visual Studio Version 17
VisualStudioVersion = 17.7.34221.43
MinimumVisualStudioVersion = 10.0.40219.1
Project("{FAE04EC0-301F-11D3-BF4B-00C04F79EFBC}") = "BasicMVCProject", "BasicMVCProject\BasicMVCProject.csproj", "{17FC2E73-D313-4E88-897C-28F86DC57437}"
EndProject
Global
	GlobalSection(SolutionConfigurationPlatforms) = preSolution
		Debug|Any CPU = Debug|Any CPU
		Release|Any CPU = Release|Any CPU
	EndGlobalSection
	GlobalSection(ProjectConfigurationPlatforms) = postSolution
		{17FC2E73-D313-4E88-897C-28F86DC57437}.Debug|Any CPU.ActiveCfg = Debug|Any CPU
		{17FC2E73-D313-4E88-897C-28F86DC57437}.Debug|Any CPU.Build.0 = Debug|Any CPU
		{17FC2E73-D313-4E88-897C-28F86DC57437}.Release|Any CPU.ActiveCfg = Release|Any CPU
		{17FC2E73-D313-4E88-897C-28F86DC57437}.Release|Any CPU.Build.0 = Release|Any CPU
	EndGlobalSection
	GlobalSection(SolutionProperties) = preSolution
		HideSolutionNode = FALSE
	EndGlobalSection
	GlobalSection(ExtensibilityGlobals) = postSolution
		SolutionGuid = {97229BDB-87B8-486C-A337-C47B9335E566}
	EndGlobalSection
EndGlobal
